
Microsoft Visual Studio Solution File, Format Version 12.00
# Visual Studio 15
VisualStudioVersion = 15.0.33026.149
MinimumVisualStudioVersion = 10.0.40219.1
Project("{FAE04EC0-301F-11D3-BF4B-00C04F79EFBC}") = "application facture", "application facture\application facture.csproj", "{469FF043-E58E-4C89-ABFA-FA620CAA6E7E}"
EndProject
Project("{FAE04EC0-301F-11D3-BF4B-00C04F79EFBC}") = "ConvertisseurNombreEnLettre", "..\..\ClassLibrairies\ConvertisseurNombreEnLettre-master\ConvertisseurChiffreEnLettre\ConvertisseurNombreEnLettre.csproj", "{3744117F-753A-4594-88DC-8CD0EA8FFB8A}"
EndProject
Global
	GlobalSection(SolutionConfigurationPlatforms) = preSolution
		Debug|Any CPU = Debug|Any CPU
		Release|Any CPU = Release|Any CPU
	EndGlobalSection
	GlobalSection(ProjectConfigurationPlatforms) = postSolution
		{469FF043-E58E-4C89-ABFA-FA620CAA6E7E}.Debug|Any CPU.ActiveCfg = Debug|Any CPU
		{469FF043-E58E-4C89-ABFA-FA620CAA6E7E}.Debug|Any CPU.Build.0 = Debug|Any CPU
		{469FF043-E58E-4C89-ABFA-FA620CAA6E7E}.Release|Any CPU.ActiveCfg = Release|Any CPU
		{469FF043-E58E-4C89-ABFA-FA620CAA6E7E}.Release|Any CPU.Build.0 = Release|Any CPU
		{3744117F-753A-4594-88DC-8CD0EA8FFB8A}.Debug|Any CPU.ActiveCfg = Debug|Any CPU
		{3744117F-753A-4594-88DC-8CD0EA8FFB8A}.Debug|Any CPU.Build.0 = Debug|Any CPU
		{3744117F-753A-4594-88DC-8CD0EA8FFB8A}.Release|Any CPU.ActiveCfg = Release|Any CPU
		{3744117F-753A-4594-88DC-8CD0EA8FFB8A}.Release|Any CPU.Build.0 = Release|Any CPU
	EndGlobalSection
	GlobalSection(SolutionProperties) = preSolution
		HideSolutionNode = FALSE
	EndGlobalSection
	GlobalSection(ExtensibilityGlobals) = postSolution
		SolutionGuid = {98FE88AA-AF17-435A-B51B-2B1EBFDE6BD8}
	EndGlobalSection
EndGlobal
